
Microsoft Visual Studio Solution File, Format Version 12.00
# Visual Studio 15
VisualStudioVersion = 15.0.28010.2048
MinimumVisualStudioVersion = 10.0.40219.1
Project("{FAE04EC0-301F-11D3-BF4B-00C04F79EFBC}") = "Parking2018Api", "Parking2018Api\Parking2018Api.csproj", "{F0F9A6DF-B369-4409-9C8D-46434A3ED614}"
EndProject
Global
	GlobalSection(SolutionConfigurationPlatforms) = preSolution
		Debug|Any CPU = Debug|Any CPU
		Release|Any CPU = Release|Any CPU
	EndGlobalSection
	GlobalSection(ProjectConfigurationPlatforms) = postSolution
		{F0F9A6DF-B369-4409-9C8D-46434A3ED614}.Debug|Any CPU.ActiveCfg = Debug|Any CPU
		{F0F9A6DF-B369-4409-9C8D-46434A3ED614}.Debug|Any CPU.Build.0 = Debug|Any CPU
		{F0F9A6DF-B369-4409-9C8D-46434A3ED614}.Release|Any CPU.ActiveCfg = Release|Any CPU
		{F0F9A6DF-B369-4409-9C8D-46434A3ED614}.Release|Any CPU.Build.0 = Release|Any CPU
	EndGlobalSection
	GlobalSection(SolutionProperties) = preSolution
		HideSolutionNode = FALSE
	EndGlobalSection
	GlobalSection(ExtensibilityGlobals) = postSolution
		SolutionGuid = {5C47F13E-77FC-4E11-AC67-38F43458803A}
	EndGlobalSection
EndGlobal
